
Microsoft Visual Studio Solution File, Format Version 12.00
# Visual Studio Version 17
VisualStudioVersion = 17.14.36717.8
MinimumVisualStudioVersion = 10.0.40219.1
Project("{FAE04EC0-301F-11D3-BF4B-00C04F79EFBC}") = "ProductClientHub.API", "ProductClientHub.API\ProductClientHub.API.csproj", "{1A9D241E-B70A-4260-821D-E36CD0C0564B}"
EndProject
Project("{FAE04EC0-301F-11D3-BF4B-00C04F79EFBC}") = "ProductClientHub.Communication", "ProductClientHub.Communication\ProductClientHub.Communication.csproj", "{A55C36F0-E600-4E0D-9F84-20E4C095C53C}"
EndProject
Project("{FAE04EC0-301F-11D3-BF4B-00C04F79EFBC}") = "ProductClientHub.Exceptions", "ProductClientHub.Exceptions\ProductClientHub.Exceptions.csproj", "{68025F46-6E32-4AAE-9C1D-D806C3B6717D}"
EndProject
Global
	GlobalSection(SolutionConfigurationPlatforms) = preSolution
		Debug|Any CPU = Debug|Any CPU
		Release|Any CPU = Release|Any CPU
	EndGlobalSection
	GlobalSection(ProjectConfigurationPlatforms) = postSolution
		{1A9D241E-B70A-4260-821D-E36CD0C0564B}.Debug|Any CPU.ActiveCfg = Debug|Any CPU
		{1A9D241E-B70A-4260-821D-E36CD0C0564B}.Debug|Any CPU.Build.0 = Debug|Any CPU
		{1A9D241E-B70A-4260-821D-E36CD0C0564B}.Release|Any CPU.ActiveCfg = Release|Any CPU
		{1A9D241E-B70A-4260-821D-E36CD0C0564B}.Release|Any CPU.Build.0 = Release|Any CPU
		{A55C36F0-E600-4E0D-9F84-20E4C095C53C}.Debug|Any CPU.ActiveCfg = Debug|Any CPU
		{A55C36F0-E600-4E0D-9F84-20E4C095C53C}.Debug|Any CPU.Build.0 = Debug|Any CPU
		{A55C36F0-E600-4E0D-9F84-20E4C095C53C}.Release|Any CPU.ActiveCfg = Release|Any CPU
		{A55C36F0-E600-4E0D-9F84-20E4C095C53C}.Release|Any CPU.Build.0 = Release|Any CPU
		{68025F46-6E32-4AAE-9C1D-D806C3B6717D}.Debug|Any CPU.ActiveCfg = Debug|Any CPU
		{68025F46-6E32-4AAE-9C1D-D806C3B6717D}.Debug|Any CPU.Build.0 = Debug|Any CPU
		{68025F46-6E32-4AAE-9C1D-D806C3B6717D}.Release|Any CPU.ActiveCfg = Release|Any CPU
		{68025F46-6E32-4AAE-9C1D-D806C3B6717D}.Release|Any CPU.Build.0 = Release|Any CPU
	EndGlobalSection
	GlobalSection(SolutionProperties) = preSolution
		HideSolutionNode = FALSE
	EndGlobalSection
	GlobalSection(ExtensibilityGlobals) = postSolution
		SolutionGuid = {16AFEA06-61BA-4115-BDEF-23FC516D30C7}
	EndGlobalSection
EndGlobal
